
Microsoft Visual Studio Solution File, Format Version 12.00
# Visual Studio Version 17
VisualStudioVersion = 17.12.35323.107
MinimumVisualStudioVersion = 10.0.40219.1
Project("{FAE04EC0-301F-11D3-BF4B-00C04F79EFBC}") = "StringShift", "StringShift\StringShift.csproj", "{659DE0CC-C070-4300-AB96-97CC21414A6B}"
EndProject
Global
	GlobalSection(SolutionConfigurationPlatforms) = preSolution
		Debug|Any CPU = Debug|Any CPU
		Release|Any CPU = Release|Any CPU
	EndGlobalSection
	GlobalSection(ProjectConfigurationPlatforms) = postSolution
		{659DE0CC-C070-4300-AB96-97CC21414A6B}.Debug|Any CPU.ActiveCfg = Debug|Any CPU
		{659DE0CC-C070-4300-AB96-97CC21414A6B}.Debug|Any CPU.Build.0 = Debug|Any CPU
		{659DE0CC-C070-4300-AB96-97CC21414A6B}.Release|Any CPU.ActiveCfg = Release|Any CPU
		{659DE0CC-C070-4300-AB96-97CC21414A6B}.Release|Any CPU.Build.0 = Release|Any CPU
	EndGlobalSection
	GlobalSection(SolutionProperties) = preSolution
		HideSolutionNode = FALSE
	EndGlobalSection
	GlobalSection(ExtensibilityGlobals) = postSolution
		SolutionGuid = {014970FF-AD2A-4AAD-B191-21F5BED1563A}
	EndGlobalSection
EndGlobal
